<?xml version="1.0" encoding="utf-8"?>
<Project ToolsVersion="4.0" xmlns="http://schemas.microsoft.com/developer/msbuild/2003">
  <ItemGroup>
    <Filter Include="源文件">
      <UniqueIdentifier>{4FC737F1-C7A5-4376-A066-2A32D752A2FF}</UniqueIdentifier>
      <Extensions>cpp;c;cc;cxx;c++;cppm;ixx;def;odl;idl;hpj;bat;asm;asmx</Extensions>
    </Filter>
    <Filter Include="头文件">
      <UniqueIdentifier>{93995380-89BD-4b04-88EB-625FBE52EBFB}</UniqueIdentifier>
      <Extensions>h;hh;hpp;hxx;h++;hm;inl;inc;ipp;xsd</Extensions>
    </Filter>
    <Filter Include="资源文件">
      <UniqueIdentifier>{67DA6AB6-F800-4c08-8B7A-83BB121AAD01}</UniqueIdentifier>
      <Extensions>rc;ico;cur;bmp;dlg;rc2;rct;bin;rgs;gif;jpg;jpeg;jpe;resx;tiff;tif;png;wav;mfcribbon-ms</Extensions>
    </Filter>
  </ItemGroup>
  <ItemGroup>
    <ClCompile Include="main.cpp">
      <Filter>源文件</Filter>
    </ClCompile>
  </ItemGroup>
  <ItemGroup>
    <ClInclude Include="include\hv\AsyncHttpClient.h">
      <Filter>头文件</Filter>
    </ClInclude>
    <ClInclude Include="include\hv\axios.h">
      <Filter>头文件</Filter>
    </ClInclude>
    <ClInclude Include="include\hv\base64.h">
      <Filter>头文件</Filter>
    </ClInclude>
    <ClInclude Include="include\hv\Buffer.h">
      <Filter>头文件</Filter>
    </ClInclude>
    <ClInclude Include="include\hv\Channel.h">
      <Filter>头文件</Filter>
    </ClInclude>
    <ClInclude Include="include\hv\Event.h">
      <Filter>头文件</Filter>
    </ClInclude>
    <ClInclude Include="include\hv\EventLoop.h">
      <Filter>头文件</Filter>
    </ClInclude>
    <ClInclude Include="include\hv\EventLoopThread.h">
      <Filter>头文件</Filter>
    </ClInclude>
    <ClInclude Include="include\hv\EventLoopThreadPool.h">
      <Filter>头文件</Filter>
    </ClInclude>
    <ClInclude Include="include\hv\hasync.h">
      <Filter>头文件</Filter>
    </ClInclude>
    <ClInclude Include="include\hv\hatomic.h">
      <Filter>头文件</Filter>
    </ClInclude>
    <ClInclude Include="include\hv\hbase.h">
      <Filter>头文件</Filter>
    </ClInclude>
    <ClInclude Include="include\hv\hbuf.h">
      <Filter>头文件</Filter>
    </ClInclude>
    <ClInclude Include="include\hv\hconfig.h">
      <Filter>头文件</Filter>
    </ClInclude>
    <ClInclude Include="include\hv\hdef.h">
      <Filter>头文件</Filter>
    </ClInclude>
    <ClInclude Include="include\hv\hdir.h">
      <Filter>头文件</Filter>
    </ClInclude>
    <ClInclude Include="include\hv\hendian.h">
      <Filter>头文件</Filter>
    </ClInclude>
    <ClInclude Include="include\hv\herr.h">
      <Filter>头文件</Filter>
    </ClInclude>
    <ClInclude Include="include\hv\hexport.h">
      <Filter>头文件</Filter>
    </ClInclude>
    <ClInclude Include="include\hv\hfile.h">
      <Filter>头文件</Filter>
    </ClInclude>
    <ClInclude Include="include\hv\hlog.h">
      <Filter>头文件</Filter>
    </ClInclude>
    <ClInclude Include="include\hv\hloop.h">
      <Filter>头文件</Filter>
    </ClInclude>
    <ClInclude Include="include\hv\hmain.h">
      <Filter>头文件</Filter>
    </ClInclude>
    <ClInclude Include="include\hv\hmap.h">
      <Filter>头文件</Filter>
    </ClInclude>
    <ClInclude Include="include\hv\hmath.h">
      <Filter>头文件</Filter>
    </ClInclude>
    <ClInclude Include="include\hv\hmutex.h">
      <Filter>头文件</Filter>
    </ClInclude>
    <ClInclude Include="include\hv\hobjectpool.h">
      <Filter>头文件</Filter>
    </ClInclude>
    <ClInclude Include="include\hv\hpath.h">
      <Filter>头文件</Filter>
    </ClInclude>
    <ClInclude Include="include\hv\hplatform.h">
      <Filter>头文件</Filter>
    </ClInclude>
    <ClInclude Include="include\hv\hproc.h">
      <Filter>头文件</Filter>
    </ClInclude>
    <ClInclude Include="include\hv\hscope.h">
      <Filter>头文件</Filter>
    </ClInclude>
    <ClInclude Include="include\hv\hsocket.h">
      <Filter>头文件</Filter>
    </ClInclude>
    <ClInclude Include="include\hv\hssl.h">
      <Filter>头文件</Filter>
    </ClInclude>
    <ClInclude Include="include\hv\hstring.h">
      <Filter>头文件</Filter>
    </ClInclude>
    <ClInclude Include="include\hv\hsysinfo.h">
      <Filter>头文件</Filter>
    </ClInclude>
    <ClInclude Include="include\hv\hthread.h">
      <Filter>头文件</Filter>
    </ClInclude>
    <ClInclude Include="include\hv\hthreadpool.h">
      <Filter>头文件</Filter>
    </ClInclude>
    <ClInclude Include="include\hv\htime.h">
      <Filter>头文件</Filter>
    </ClInclude>
    <ClInclude Include="include\hv\http_content.h">
      <Filter>头文件</Filter>
    </ClInclude>
    <ClInclude Include="include\hv\HttpClient.h">
      <Filter>头文件</Filter>
    </ClInclude>
    <ClInclude Include="include\hv\HttpContext.h">
      <Filter>头文件</Filter>
    </ClInclude>
    <ClInclude Include="include\hv\httpdef.h">
      <Filter>头文件</Filter>
    </ClInclude>
    <ClInclude Include="include\hv\HttpMessage.h">
      <Filter>头文件</Filter>
    </ClInclude>
    <ClInclude Include="include\hv\HttpParser.h">
      <Filter>头文件</Filter>
    </ClInclude>
    <ClInclude Include="include\hv\HttpResponseWriter.h">
      <Filter>头文件</Filter>
    </ClInclude>
    <ClInclude Include="include\hv\HttpServer.h">
      <Filter>头文件</Filter>
    </ClInclude>
    <ClInclude Include="include\hv\HttpService.h">
      <Filter>头文件</Filter>
    </ClInclude>
    <ClInclude Include="include\hv\hurl.h">
      <Filter>头文件</Filter>
    </ClInclude>
    <ClInclude Include="include\hv\hv.h">
      <Filter>头文件</Filter>
    </ClInclude>
    <ClInclude Include="include\hv\hversion.h">
      <Filter>头文件</Filter>
    </ClInclude>
    <ClInclude Include="include\hv\ifconfig.h">
      <Filter>头文件</Filter>
    </ClInclude>
    <ClInclude Include="include\hv\iniparser.h">
      <Filter>头文件</Filter>
    </ClInclude>
    <ClInclude Include="include\hv\json.hpp">
      <Filter>头文件</Filter>
    </ClInclude>
    <ClInclude Include="include\hv\md5.h">
      <Filter>头文件</Filter>
    </ClInclude>
    <ClInclude Include="include\hv\nlog.h">
      <Filter>头文件</Filter>
    </ClInclude>
    <ClInclude Include="include\hv\requests.h">
      <Filter>头文件</Filter>
    </ClInclude>
    <ClInclude Include="include\hv\sha1.h">
      <Filter>头文件</Filter>
    </ClInclude>
    <ClInclude Include="include\hv\singleton.h">
      <Filter>头文件</Filter>
    </ClInclude>
    <ClInclude Include="include\hv\Status.h">
      <Filter>头文件</Filter>
    </ClInclude>
    <ClInclude Include="include\hv\TcpClient.h">
      <Filter>头文件</Filter>
    </ClInclude>
    <ClInclude Include="include\hv\TcpServer.h">
      <Filter>头文件</Filter>
    </ClInclude>
    <ClInclude Include="include\hv\ThreadLocalStorage.h">
      <Filter>头文件</Filter>
    </ClInclude>
    <ClInclude Include="include\hv\UdpClient.h">
      <Filter>头文件</Filter>
    </ClInclude>
    <ClInclude Include="include\hv\UdpServer.h">
      <Filter>头文件</Filter>
    </ClInclude>
    <ClInclude Include="include\hv\WebSocketChannel.h">
      <Filter>头文件</Filter>
    </ClInclude>
    <ClInclude Include="include\hv\WebSocketClient.h">
      <Filter>头文件</Filter>
    </ClInclude>
    <ClInclude Include="include\hv\WebSocketParser.h">
      <Filter>头文件</Filter>
    </ClInclude>
    <ClInclude Include="include\hv\WebSocketServer.h">
      <Filter>头文件</Filter>
    </ClInclude>
    <ClInclude Include="include\hv\wsdef.h">
      <Filter>头文件</Filter>
    </ClInclude>
  </ItemGroup>
  <ItemGroup>
    <None Include=".gitgnore" />
  </ItemGroup>
</Project>